
Microsoft Visual Studio Solution File, Format Version 12.00
# Visual Studio Version 17
VisualStudioVersion = 17.11.35222.181
MinimumVisualStudioVersion = 10.0.40219.1
Project("{2150E333-8FDC-42A3-9474-1A3956D46DE8}") = "Shared", "Shared", "{7671F916-8856-490E-8704-8361BF96F08C}"
EndProject
Project("{2150E333-8FDC-42A3-9474-1A3956D46DE8}") = "NestProductService", "NestProductService", "{AFD84227-A160-4BBF-B553-B160C0CCB52E}"
EndProject
Project("{2150E333-8FDC-42A3-9474-1A3956D46DE8}") = "src", "src", "{1E7FBAB4-43C3-46E4-A4B4-11BE2C7DD097}"
EndProject
Project("{2150E333-8FDC-42A3-9474-1A3956D46DE8}") = "test", "test", "{9CE2460E-005E-43C6-BB12-4186731F7B91}"
EndProject
Project("{2150E333-8FDC-42A3-9474-1A3956D46DE8}") = "Presentation", "Presentation", "{4C4C6D02-EAA4-4362-8444-E2584F984515}"
EndProject
Project("{2150E333-8FDC-42A3-9474-1A3956D46DE8}") = "Infrastructure", "Infrastructure", "{1A51F06B-44CD-4040-B32E-EB9ECDCA8A6F}"
EndProject
Project("{2150E333-8FDC-42A3-9474-1A3956D46DE8}") = "Core", "Core", "{E9CC3288-A788-40A5-86D1-09901BCC6732}"
EndProject
Project("{9A19103F-16F7-4668-BE54-9A1E7A4F7556}") = "NestProduct.Application", "NestProductService\src\Core\NestProduct.Application\NestProduct.Application.csproj", "{FD79C525-859C-4763-AC7B-E0E164D28630}"
EndProject
Project("{9A19103F-16F7-4668-BE54-9A1E7A4F7556}") = "NestProduct.Domain", "NestProductService\src\Core\NestProduct.Domain\NestProduct.Domain.csproj", "{5190C95A-1D4B-4F3E-9E13-C7F0DAB43756}"
EndProject
Project("{9A19103F-16F7-4668-BE54-9A1E7A4F7556}") = "NestProduct.API", "NestProductService\src\Presentation\NestProduct.API\NestProduct.API.csproj", "{E1BE3210-68F4-4904-ACCB-8FDFC7BA1128}"
EndProject
Project("{9A19103F-16F7-4668-BE54-9A1E7A4F7556}") = "Nest.Shared", "Shared\Nest.Shared\Nest.Shared.csproj", "{D4E8A606-5076-4863-935C-DD798BA53BDC}"
EndProject
Project("{9A19103F-16F7-4668-BE54-9A1E7A4F7556}") = "NestProduct.Persistence", "NestProductService\src\Infrastructure\NestProduct.Persistence\NestProduct.Persistence.csproj", "{39A090AF-8A2E-4802-98A3-D144510FF52C}"
EndProject
Project("{2150E333-8FDC-42A3-9474-1A3956D46DE8}") = "NestStockService", "NestStockService", "{58E8AB8D-EC39-48FA-95E1-C7CBF4FB3443}"
EndProject
Project("{2150E333-8FDC-42A3-9474-1A3956D46DE8}") = "src", "src", "{AA00054D-7ADC-4032-8622-F109C84B4D88}"
EndProject
Project("{FAE04EC0-301F-11D3-BF4B-00C04F79EFBC}") = "NestStock.API", "NestStockService\src\NestStock.API\NestStock.API.csproj", "{C4A8F785-1545-48F0-8F24-7C9E41C76F75}"
EndProject
Project("{2150E333-8FDC-42A3-9474-1A3956D46DE8}") = "NestAPIGateway", "NestAPIGateway", "{1A38F1E1-2E11-414A-BEDB-8D77993585D0}"
EndProject
Project("{2150E333-8FDC-42A3-9474-1A3956D46DE8}") = "src", "src", "{867E11AE-5CB0-49E7-B878-7A18AE30A96C}"
EndProject
Project("{FAE04EC0-301F-11D3-BF4B-00C04F79EFBC}") = "NestAPIGateway", "NestAPIGateway\src\NestAPIGateway\NestAPIGateway.csproj", "{F399F61B-BA93-48FC-9C94-C228A9D4CFE7}"
EndProject
Project("{2150E333-8FDC-42A3-9474-1A3956D46DE8}") = "NestAuthService", "NestAuthService", "{11E1647E-4C3D-4113-951C-661C9F98DEAC}"
EndProject
Project("{2150E333-8FDC-42A3-9474-1A3956D46DE8}") = "src", "src", "{5A926204-73C8-40E8-B8CF-CCC3D57D179E}"
EndProject
Project("{FAE04EC0-301F-11D3-BF4B-00C04F79EFBC}") = "NestAuth.API", "NestAuthService\src\NestAuth.API\NestAuth.API.csproj", "{199C0D7B-64BD-4A97-80E3-C19F71FE2E29}"
EndProject
Project("{2150E333-8FDC-42A3-9474-1A3956D46DE8}") = "NestNotificationService", "NestNotificationService", "{73153215-D10F-4F9F-A89D-D28790F0E161}"
EndProject
Project("{2150E333-8FDC-42A3-9474-1A3956D46DE8}") = "src", "src", "{D7889D31-2C58-4C96-A3E2-28C1D4329B81}"
EndProject
Project("{FAE04EC0-301F-11D3-BF4B-00C04F79EFBC}") = "NestNotification.API", "NestNotificationService\src\NestNotification.API\NestNotification.API.csproj", "{9805ED7F-FDCE-4050-9250-071BA729CE43}"
EndProject
Project("{2150E333-8FDC-42A3-9474-1A3956D46DE8}") = "NestPaymentService", "NestPaymentService", "{73DF2E24-96A3-4D23-8CF6-37583E523A4D}"
EndProject
Project("{2150E333-8FDC-42A3-9474-1A3956D46DE8}") = "src", "src", "{8FE0FCF6-103E-49E1-9E00-030B05BBA8FD}"
EndProject
Project("{FAE04EC0-301F-11D3-BF4B-00C04F79EFBC}") = "NestPayment.API", "NestPaymentService\src\NestPayment.API\NestPayment.API.csproj", "{F44F970D-4D16-4ABD-BE8B-9B99C88B614D}"
EndProject
Project("{2150E333-8FDC-42A3-9474-1A3956D46DE8}") = "NestProfileService", "NestProfileService", "{9B1AC4BD-8FBF-44EC-AD7E-3E6EDD6EE85A}"
EndProject
Project("{2150E333-8FDC-42A3-9474-1A3956D46DE8}") = "src", "src", "{6EE62293-23B2-41D7-911C-A4D3EC4C25BC}"
EndProject
Project("{FAE04EC0-301F-11D3-BF4B-00C04F79EFBC}") = "NestProfile.API", "NestProfileService\src\NestProfile.API\NestProfile.API.csproj", "{C6906A53-091E-473C-80C9-D7A19E665F28}"
EndProject
Project("{2150E333-8FDC-42A3-9474-1A3956D46DE8}") = "NestStorageService", "NestStorageService", "{D3BDB58D-64C7-4849-B659-AEABE7D36073}"
EndProject
Project("{2150E333-8FDC-42A3-9474-1A3956D46DE8}") = "src", "src", "{589C70F7-B26B-4E40-A414-6716B6E9539E}"
EndProject
Project("{FAE04EC0-301F-11D3-BF4B-00C04F79EFBC}") = "NestStorage.API", "NestStorageService\src\NestStorage.API\NestStorage.API.csproj", "{A45EF55F-EA4D-4A78-AE81-57A36E95F2B9}"
EndProject
Global
	GlobalSection(SolutionConfigurationPlatforms) = preSolution
		Debug|Any CPU = Debug|Any CPU
		Release|Any CPU = Release|Any CPU
	EndGlobalSection
	GlobalSection(ProjectConfigurationPlatforms) = postSolution
		{FD79C525-859C-4763-AC7B-E0E164D28630}.Debug|Any CPU.ActiveCfg = Debug|Any CPU
		{FD79C525-859C-4763-AC7B-E0E164D28630}.Debug|Any CPU.Build.0 = Debug|Any CPU
		{FD79C525-859C-4763-AC7B-E0E164D28630}.Release|Any CPU.ActiveCfg = Release|Any CPU
		{FD79C525-859C-4763-AC7B-E0E164D28630}.Release|Any CPU.Build.0 = Release|Any CPU
		{5190C95A-1D4B-4F3E-9E13-C7F0DAB43756}.Debug|Any CPU.ActiveCfg = Debug|Any CPU
		{5190C95A-1D4B-4F3E-9E13-C7F0DAB43756}.Debug|Any CPU.Build.0 = Debug|Any CPU
		{5190C95A-1D4B-4F3E-9E13-C7F0DAB43756}.Release|Any CPU.ActiveCfg = Release|Any CPU
		{5190C95A-1D4B-4F3E-9E13-C7F0DAB43756}.Release|Any CPU.Build.0 = Release|Any CPU
		{E1BE3210-68F4-4904-ACCB-8FDFC7BA1128}.Debug|Any CPU.ActiveCfg = Debug|Any CPU
		{E1BE3210-68F4-4904-ACCB-8FDFC7BA1128}.Debug|Any CPU.Build.0 = Debug|Any CPU
		{E1BE3210-68F4-4904-ACCB-8FDFC7BA1128}.Release|Any CPU.ActiveCfg = Release|Any CPU
		{E1BE3210-68F4-4904-ACCB-8FDFC7BA1128}.Release|Any CPU.Build.0 = Release|Any CPU
		{D4E8A606-5076-4863-935C-DD798BA53BDC}.Debug|Any CPU.ActiveCfg = Debug|Any CPU
		{D4E8A606-5076-4863-935C-DD798BA53BDC}.Debug|Any CPU.Build.0 = Debug|Any CPU
		{D4E8A606-5076-4863-935C-DD798BA53BDC}.Release|Any CPU.ActiveCfg = Release|Any CPU
		{D4E8A606-5076-4863-935C-DD798BA53BDC}.Release|Any CPU.Build.0 = Release|Any CPU
		{39A090AF-8A2E-4802-98A3-D144510FF52C}.Debug|Any CPU.ActiveCfg = Debug|Any CPU
		{39A090AF-8A2E-4802-98A3-D144510FF52C}.Debug|Any CPU.Build.0 = Debug|Any CPU
		{39A090AF-8A2E-4802-98A3-D144510FF52C}.Release|Any CPU.ActiveCfg = Release|Any CPU
		{39A090AF-8A2E-4802-98A3-D144510FF52C}.Release|Any CPU.Build.0 = Release|Any CPU
		{C4A8F785-1545-48F0-8F24-7C9E41C76F75}.Debug|Any CPU.ActiveCfg = Debug|Any CPU
		{C4A8F785-1545-48F0-8F24-7C9E41C76F75}.Debug|Any CPU.Build.0 = Debug|Any CPU
		{C4A8F785-1545-48F0-8F24-7C9E41C76F75}.Release|Any CPU.ActiveCfg = Release|Any CPU
		{C4A8F785-1545-48F0-8F24-7C9E41C76F75}.Release|Any CPU.Build.0 = Release|Any CPU
		{F399F61B-BA93-48FC-9C94-C228A9D4CFE7}.Debug|Any CPU.ActiveCfg = Debug|Any CPU
		{F399F61B-BA93-48FC-9C94-C228A9D4CFE7}.Debug|Any CPU.Build.0 = Debug|Any CPU
		{F399F61B-BA93-48FC-9C94-C228A9D4CFE7}.Release|Any CPU.ActiveCfg = Release|Any CPU
		{F399F61B-BA93-48FC-9C94-C228A9D4CFE7}.Release|Any CPU.Build.0 = Release|Any CPU
		{199C0D7B-64BD-4A97-80E3-C19F71FE2E29}.Debug|Any CPU.ActiveCfg = Debug|Any CPU
		{199C0D7B-64BD-4A97-80E3-C19F71FE2E29}.Debug|Any CPU.Build.0 = Debug|Any CPU
		{199C0D7B-64BD-4A97-80E3-C19F71FE2E29}.Release|Any CPU.ActiveCfg = Release|Any CPU
		{199C0D7B-64BD-4A97-80E3-C19F71FE2E29}.Release|Any CPU.Build.0 = Release|Any CPU
		{9805ED7F-FDCE-4050-9250-071BA729CE43}.Debug|Any CPU.ActiveCfg = Debug|Any CPU
		{9805ED7F-FDCE-4050-9250-071BA729CE43}.Debug|Any CPU.Build.0 = Debug|Any CPU
		{9805ED7F-FDCE-4050-9250-071BA729CE43}.Release|Any CPU.ActiveCfg = Release|Any CPU
		{9805ED7F-FDCE-4050-9250-071BA729CE43}.Release|Any CPU.Build.0 = Release|Any CPU
		{F44F970D-4D16-4ABD-BE8B-9B99C88B614D}.Debug|Any CPU.ActiveCfg = Debug|Any CPU
		{F44F970D-4D16-4ABD-BE8B-9B99C88B614D}.Debug|Any CPU.Build.0 = Debug|Any CPU
		{F44F970D-4D16-4ABD-BE8B-9B99C88B614D}.Release|Any CPU.ActiveCfg = Release|Any CPU
		{F44F970D-4D16-4ABD-BE8B-9B99C88B614D}.Release|Any CPU.Build.0 = Release|Any CPU
		{C6906A53-091E-473C-80C9-D7A19E665F28}.Debug|Any CPU.ActiveCfg = Debug|Any CPU
		{C6906A53-091E-473C-80C9-D7A19E665F28}.Debug|Any CPU.Build.0 = Debug|Any CPU
		{C6906A53-091E-473C-80C9-D7A19E665F28}.Release|Any CPU.ActiveCfg = Release|Any CPU
		{C6906A53-091E-473C-80C9-D7A19E665F28}.Release|Any CPU.Build.0 = Release|Any CPU
		{A45EF55F-EA4D-4A78-AE81-57A36E95F2B9}.Debug|Any CPU.ActiveCfg = Debug|Any CPU
		{A45EF55F-EA4D-4A78-AE81-57A36E95F2B9}.Debug|Any CPU.Build.0 = Debug|Any CPU
		{A45EF55F-EA4D-4A78-AE81-57A36E95F2B9}.Release|Any CPU.ActiveCfg = Release|Any CPU
		{A45EF55F-EA4D-4A78-AE81-57A36E95F2B9}.Release|Any CPU.Build.0 = Release|Any CPU
	EndGlobalSection
	GlobalSection(SolutionProperties) = preSolution
		HideSolutionNode = FALSE
	EndGlobalSection
	GlobalSection(NestedProjects) = preSolution
		{1E7FBAB4-43C3-46E4-A4B4-11BE2C7DD097} = {AFD84227-A160-4BBF-B553-B160C0CCB52E}
		{9CE2460E-005E-43C6-BB12-4186731F7B91} = {AFD84227-A160-4BBF-B553-B160C0CCB52E}
		{4C4C6D02-EAA4-4362-8444-E2584F984515} = {1E7FBAB4-43C3-46E4-A4B4-11BE2C7DD097}
		{1A51F06B-44CD-4040-B32E-EB9ECDCA8A6F} = {1E7FBAB4-43C3-46E4-A4B4-11BE2C7DD097}
		{E9CC3288-A788-40A5-86D1-09901BCC6732} = {1E7FBAB4-43C3-46E4-A4B4-11BE2C7DD097}
		{FD79C525-859C-4763-AC7B-E0E164D28630} = {E9CC3288-A788-40A5-86D1-09901BCC6732}
		{5190C95A-1D4B-4F3E-9E13-C7F0DAB43756} = {E9CC3288-A788-40A5-86D1-09901BCC6732}
		{E1BE3210-68F4-4904-ACCB-8FDFC7BA1128} = {4C4C6D02-EAA4-4362-8444-E2584F984515}
		{D4E8A606-5076-4863-935C-DD798BA53BDC} = {7671F916-8856-490E-8704-8361BF96F08C}
		{39A090AF-8A2E-4802-98A3-D144510FF52C} = {1A51F06B-44CD-4040-B32E-EB9ECDCA8A6F}
		{AA00054D-7ADC-4032-8622-F109C84B4D88} = {58E8AB8D-EC39-48FA-95E1-C7CBF4FB3443}
		{C4A8F785-1545-48F0-8F24-7C9E41C76F75} = {AA00054D-7ADC-4032-8622-F109C84B4D88}
		{867E11AE-5CB0-49E7-B878-7A18AE30A96C} = {1A38F1E1-2E11-414A-BEDB-8D77993585D0}
		{F399F61B-BA93-48FC-9C94-C228A9D4CFE7} = {867E11AE-5CB0-49E7-B878-7A18AE30A96C}
		{5A926204-73C8-40E8-B8CF-CCC3D57D179E} = {11E1647E-4C3D-4113-951C-661C9F98DEAC}
		{199C0D7B-64BD-4A97-80E3-C19F71FE2E29} = {5A926204-73C8-40E8-B8CF-CCC3D57D179E}
		{D7889D31-2C58-4C96-A3E2-28C1D4329B81} = {73153215-D10F-4F9F-A89D-D28790F0E161}
		{9805ED7F-FDCE-4050-9250-071BA729CE43} = {D7889D31-2C58-4C96-A3E2-28C1D4329B81}
		{8FE0FCF6-103E-49E1-9E00-030B05BBA8FD} = {73DF2E24-96A3-4D23-8CF6-37583E523A4D}
		{F44F970D-4D16-4ABD-BE8B-9B99C88B614D} = {8FE0FCF6-103E-49E1-9E00-030B05BBA8FD}
		{6EE62293-23B2-41D7-911C-A4D3EC4C25BC} = {9B1AC4BD-8FBF-44EC-AD7E-3E6EDD6EE85A}
		{C6906A53-091E-473C-80C9-D7A19E665F28} = {6EE62293-23B2-41D7-911C-A4D3EC4C25BC}
		{589C70F7-B26B-4E40-A414-6716B6E9539E} = {D3BDB58D-64C7-4849-B659-AEABE7D36073}
		{A45EF55F-EA4D-4A78-AE81-57A36E95F2B9} = {589C70F7-B26B-4E40-A414-6716B6E9539E}
	EndGlobalSection
	GlobalSection(ExtensibilityGlobals) = postSolution
		SolutionGuid = {6655C30C-5215-4FA1-BE0F-929B90F218DF}
	EndGlobalSection
EndGlobal
