
Microsoft Visual Studio Solution File, Format Version 12.00
Project("{2150E333-8FDC-42A3-9474-1A3956D46DE8}") = "Deployments", "Deployments", "{045971F9-DB97-4369-B61D-8FD8BB795BEB}"
EndProject
Project("{2150E333-8FDC-42A3-9474-1A3956D46DE8}") = "Services", "Services", "{F004A23E-1456-4417-8F9B-9A63D5AE6497}"
EndProject
Project("{2150E333-8FDC-42A3-9474-1A3956D46DE8}") = "Shared", "Shared", "{83A7A439-921F-40DC-BA58-9469311388D6}"
EndProject
Project("{2150E333-8FDC-42A3-9474-1A3956D46DE8}") = "Consul", "Consul", "{134F5908-CDD0-45A1-BBC0-D9B8C4953F33}"
	ProjectSection(SolutionItems) = preProject
		Deployments\DockerFiles\Consul\docker-compose.yml = Deployments\DockerFiles\Consul\docker-compose.yml
	EndProjectSection
EndProject
Project("{2150E333-8FDC-42A3-9474-1A3956D46DE8}") = "DockerFiles", "DockerFiles", "{228B6986-1611-46C2-A783-9270FD5DE472}"
EndProject
Project("{2150E333-8FDC-42A3-9474-1A3956D46DE8}") = "Redis", "Redis", "{E128A739-B264-46EA-8787-F500C634A621}"
	ProjectSection(SolutionItems) = preProject
		Deployments\DockerFiles\Redis\docker-compose.yml = Deployments\DockerFiles\Redis\docker-compose.yml
	EndProjectSection
EndProject
Project("{2150E333-8FDC-42A3-9474-1A3956D46DE8}") = "RabbitMQ", "RabbitMQ", "{B9CC5ED8-AEFB-40C4-9DE2-4FE72CB9FB39}"
	ProjectSection(SolutionItems) = preProject
		Deployments\DockerFiles\RabbitMQ\docker-compose.yml = Deployments\DockerFiles\RabbitMQ\docker-compose.yml
	EndProjectSection
EndProject
Project("{FAE04EC0-301F-11D3-BF4B-00C04F79EFBC}") = "Nest.Shared", "Shared\Nest.Shared\Nest.Shared.csproj", "{B1555929-58A3-4176-B150-B9F644CC10AF}"
EndProject
Project("{2150E333-8FDC-42A3-9474-1A3956D46DE8}") = "NestStorageService", "NestStorageService", "{C80255CF-5C3C-4FCF-BEBE-891894F2AD6A}"
EndProject
Project("{2150E333-8FDC-42A3-9474-1A3956D46DE8}") = "src", "src", "{ED6910A5-BD9A-4A92-9829-6D705CA2F67E}"
EndProject
Project("{2150E333-8FDC-42A3-9474-1A3956D46DE8}") = "NestStockService", "NestStockService", "{BFA3B73B-60DE-48CB-9981-8EC4CE730C84}"
EndProject
Project("{2150E333-8FDC-42A3-9474-1A3956D46DE8}") = "src", "src", "{67384ACF-110E-4A9D-9685-5763C8C23219}"
EndProject
Project("{2150E333-8FDC-42A3-9474-1A3956D46DE8}") = "NestProfileService", "NestProfileService", "{85D2E381-CECE-455E-8717-998F41485F7E}"
EndProject
Project("{2150E333-8FDC-42A3-9474-1A3956D46DE8}") = "NestProductService", "NestProductService", "{4337B1B6-5858-4F63-A6E5-246035D3EF8C}"
EndProject
Project("{2150E333-8FDC-42A3-9474-1A3956D46DE8}") = "NestPaymentService", "NestPaymentService", "{BF74ABC6-040D-49B7-9847-E310D8EF879B}"
EndProject
Project("{2150E333-8FDC-42A3-9474-1A3956D46DE8}") = "NestNotificationService", "NestNotificationService", "{E3BD194B-F19B-49F8-8473-0AB94231CCA0}"
EndProject
Project("{2150E333-8FDC-42A3-9474-1A3956D46DE8}") = "NestAuthService", "NestAuthService", "{4F40A430-6CC9-49CF-BFB3-83DAE4A565CA}"
EndProject
Project("{2150E333-8FDC-42A3-9474-1A3956D46DE8}") = "NestAPIGateway", "NestAPIGateway", "{3C060E3D-0857-49EC-80A2-2BE18D460845}"
EndProject
Project("{2150E333-8FDC-42A3-9474-1A3956D46DE8}") = "src", "src", "{D8A3125E-E3F6-4A5A-913E-CDE1B9D88622}"
EndProject
Project("{2150E333-8FDC-42A3-9474-1A3956D46DE8}") = "src", "src", "{2AFC8995-F0A4-4FF2-B903-6857E2834ADD}"
EndProject
Project("{2150E333-8FDC-42A3-9474-1A3956D46DE8}") = "src", "src", "{A609201E-2F47-4433-A81B-1279A88CB505}"
EndProject
Project("{2150E333-8FDC-42A3-9474-1A3956D46DE8}") = "src", "src", "{E2E1796A-4CEF-4F2E-B624-2366DA79B0DD}"
EndProject
Project("{2150E333-8FDC-42A3-9474-1A3956D46DE8}") = "src", "src", "{A4B845DA-414D-4A1C-875E-54C79B8FAFAD}"
EndProject
Project("{2150E333-8FDC-42A3-9474-1A3956D46DE8}") = "src", "src", "{086CA3F2-973D-42B2-BC31-73137662F3F4}"
EndProject
Project("{FAE04EC0-301F-11D3-BF4B-00C04F79EFBC}") = "NestAPIGateway", "Services\NestAPIGateway\src\NestAPIGateway\NestAPIGateway.csproj", "{6B6B6992-EF80-495E-935D-0575AE8D8367}"
EndProject
Project("{FAE04EC0-301F-11D3-BF4B-00C04F79EFBC}") = "NestAuth.API", "Services\NestAuthService\src\NestAuth.API\NestAuth.API.csproj", "{0C37AAA5-1671-4546-BCA8-7C88F77EB555}"
EndProject
Project("{FAE04EC0-301F-11D3-BF4B-00C04F79EFBC}") = "NestNotification.API", "Services\NestNotificationService\src\NestNotification.API\NestNotification.API.csproj", "{BCC7F483-2D26-47B0-AD98-78D26E86CE10}"
EndProject
Project("{FAE04EC0-301F-11D3-BF4B-00C04F79EFBC}") = "NestPayment.API", "Services\NestPaymentService\src\NestPayment.API\NestPayment.API.csproj", "{58D8170E-5275-484D-A63F-5DCB58007D7C}"
EndProject
Project("{2150E333-8FDC-42A3-9474-1A3956D46DE8}") = "Core", "Core", "{5522AA03-E99F-4836-9F37-18F6CD3B24B2}"
EndProject
Project("{2150E333-8FDC-42A3-9474-1A3956D46DE8}") = "Infrastructure", "Infrastructure", "{84FC2138-BF90-41C4-84C0-F6743781EF46}"
EndProject
Project("{2150E333-8FDC-42A3-9474-1A3956D46DE8}") = "Presentation", "Presentation", "{5FB25EDD-B32B-459D-91ED-D8E56FF3B9E2}"
EndProject
Project("{FAE04EC0-301F-11D3-BF4B-00C04F79EFBC}") = "NestProduct.API", "Services\NestProductService\src\Presentation\NestProduct.API\NestProduct.API.csproj", "{D3114960-D7AF-4885-8DAA-322773D1D165}"
EndProject
Project("{FAE04EC0-301F-11D3-BF4B-00C04F79EFBC}") = "NestProfile.API", "Services\NestProfileService\src\NestProfile.API\NestProfile.API.csproj", "{88A5B5C1-12AF-419C-99FD-685BED042BB0}"
EndProject
Project("{FAE04EC0-301F-11D3-BF4B-00C04F79EFBC}") = "NestStock.API", "Services\NestStockService\src\NestStock.API\NestStock.API.csproj", "{65CC5C5C-F8C4-4187-A387-11570493CB2F}"
EndProject
Project("{FAE04EC0-301F-11D3-BF4B-00C04F79EFBC}") = "NestStorage.API", "Services\NestStorageService\src\NestStorage.API\NestStorage.API.csproj", "{B17B5A7B-3DA5-442C-9225-6D4F5F0CAFA2}"
EndProject
Project("{FAE04EC0-301F-11D3-BF4B-00C04F79EFBC}") = "NestProduct.Application", "Services\NestProductService\src\Core\NestProduct.Application\NestProduct.Application.csproj", "{5B117FA3-C1E8-4024-B5B5-730A332D51CE}"
EndProject
Project("{FAE04EC0-301F-11D3-BF4B-00C04F79EFBC}") = "NestProduct.Domain", "Services\NestProductService\src\Core\NestProduct.Domain\NestProduct.Domain.csproj", "{4730F41D-FC07-42A0-8EBA-2560DBB39B3A}"
EndProject
Project("{FAE04EC0-301F-11D3-BF4B-00C04F79EFBC}") = "NestProduct.Persistence", "Services\NestProductService\src\Infrastructure\NestProduct.Persistence\NestProduct.Persistence.csproj", "{BBA6A0B8-C12D-4FC5-A5CA-5ECF5C878BA3}"
EndProject
Project("{2150E333-8FDC-42A3-9474-1A3956D46DE8}") = "BuildingBlocks", "BuildingBlocks", "{F02AFC80-123A-41B1-A0CA-012CD974F3AC}"
EndProject
Project("{2150E333-8FDC-42A3-9474-1A3956D46DE8}") = "EventBus", "EventBus", "{78CAACB8-B880-44EE-92CC-92F47443B2B0}"
EndProject
Project("{FAE04EC0-301F-11D3-BF4B-00C04F79EFBC}") = "EventBus.Abstractions", "BuildingBlocks\EventBus\EventBus.Abstractions\EventBus.Abstractions.csproj", "{B01593BB-EF4D-4B14-BA59-92CE1B99E106}"
EndProject
Project("{FAE04EC0-301F-11D3-BF4B-00C04F79EFBC}") = "EventBus.RabbitMq", "BuildingBlocks\EventBus\EventBus.RabbitMq\EventBus.RabbitMq.csproj", "{C1E5B7A4-7B97-4070-BCF8-014AD0A51A03}"
EndProject
Global
	GlobalSection(SolutionConfigurationPlatforms) = preSolution
		Debug|Any CPU = Debug|Any CPU
		Release|Any CPU = Release|Any CPU
	EndGlobalSection
	GlobalSection(NestedProjects) = preSolution
		{228B6986-1611-46C2-A783-9270FD5DE472} = {045971F9-DB97-4369-B61D-8FD8BB795BEB}
		{134F5908-CDD0-45A1-BBC0-D9B8C4953F33} = {228B6986-1611-46C2-A783-9270FD5DE472}
		{E128A739-B264-46EA-8787-F500C634A621} = {228B6986-1611-46C2-A783-9270FD5DE472}
		{B9CC5ED8-AEFB-40C4-9DE2-4FE72CB9FB39} = {228B6986-1611-46C2-A783-9270FD5DE472}
		{B1555929-58A3-4176-B150-B9F644CC10AF} = {83A7A439-921F-40DC-BA58-9469311388D6}
		{C80255CF-5C3C-4FCF-BEBE-891894F2AD6A} = {F004A23E-1456-4417-8F9B-9A63D5AE6497}
		{ED6910A5-BD9A-4A92-9829-6D705CA2F67E} = {C80255CF-5C3C-4FCF-BEBE-891894F2AD6A}
		{67384ACF-110E-4A9D-9685-5763C8C23219} = {BFA3B73B-60DE-48CB-9981-8EC4CE730C84}
		{BFA3B73B-60DE-48CB-9981-8EC4CE730C84} = {F004A23E-1456-4417-8F9B-9A63D5AE6497}
		{85D2E381-CECE-455E-8717-998F41485F7E} = {F004A23E-1456-4417-8F9B-9A63D5AE6497}
		{4337B1B6-5858-4F63-A6E5-246035D3EF8C} = {F004A23E-1456-4417-8F9B-9A63D5AE6497}
		{BF74ABC6-040D-49B7-9847-E310D8EF879B} = {F004A23E-1456-4417-8F9B-9A63D5AE6497}
		{E3BD194B-F19B-49F8-8473-0AB94231CCA0} = {F004A23E-1456-4417-8F9B-9A63D5AE6497}
		{4F40A430-6CC9-49CF-BFB3-83DAE4A565CA} = {F004A23E-1456-4417-8F9B-9A63D5AE6497}
		{3C060E3D-0857-49EC-80A2-2BE18D460845} = {F004A23E-1456-4417-8F9B-9A63D5AE6497}
		{D8A3125E-E3F6-4A5A-913E-CDE1B9D88622} = {3C060E3D-0857-49EC-80A2-2BE18D460845}
		{2AFC8995-F0A4-4FF2-B903-6857E2834ADD} = {4F40A430-6CC9-49CF-BFB3-83DAE4A565CA}
		{A609201E-2F47-4433-A81B-1279A88CB505} = {E3BD194B-F19B-49F8-8473-0AB94231CCA0}
		{E2E1796A-4CEF-4F2E-B624-2366DA79B0DD} = {BF74ABC6-040D-49B7-9847-E310D8EF879B}
		{A4B845DA-414D-4A1C-875E-54C79B8FAFAD} = {4337B1B6-5858-4F63-A6E5-246035D3EF8C}
		{086CA3F2-973D-42B2-BC31-73137662F3F4} = {85D2E381-CECE-455E-8717-998F41485F7E}
		{6B6B6992-EF80-495E-935D-0575AE8D8367} = {D8A3125E-E3F6-4A5A-913E-CDE1B9D88622}
		{0C37AAA5-1671-4546-BCA8-7C88F77EB555} = {2AFC8995-F0A4-4FF2-B903-6857E2834ADD}
		{BCC7F483-2D26-47B0-AD98-78D26E86CE10} = {A609201E-2F47-4433-A81B-1279A88CB505}
		{58D8170E-5275-484D-A63F-5DCB58007D7C} = {E2E1796A-4CEF-4F2E-B624-2366DA79B0DD}
		{5522AA03-E99F-4836-9F37-18F6CD3B24B2} = {A4B845DA-414D-4A1C-875E-54C79B8FAFAD}
		{84FC2138-BF90-41C4-84C0-F6743781EF46} = {A4B845DA-414D-4A1C-875E-54C79B8FAFAD}
		{5FB25EDD-B32B-459D-91ED-D8E56FF3B9E2} = {A4B845DA-414D-4A1C-875E-54C79B8FAFAD}
		{D3114960-D7AF-4885-8DAA-322773D1D165} = {5FB25EDD-B32B-459D-91ED-D8E56FF3B9E2}
		{88A5B5C1-12AF-419C-99FD-685BED042BB0} = {086CA3F2-973D-42B2-BC31-73137662F3F4}
		{65CC5C5C-F8C4-4187-A387-11570493CB2F} = {67384ACF-110E-4A9D-9685-5763C8C23219}
		{B17B5A7B-3DA5-442C-9225-6D4F5F0CAFA2} = {ED6910A5-BD9A-4A92-9829-6D705CA2F67E}
		{5B117FA3-C1E8-4024-B5B5-730A332D51CE} = {5522AA03-E99F-4836-9F37-18F6CD3B24B2}
		{4730F41D-FC07-42A0-8EBA-2560DBB39B3A} = {5522AA03-E99F-4836-9F37-18F6CD3B24B2}
		{BBA6A0B8-C12D-4FC5-A5CA-5ECF5C878BA3} = {84FC2138-BF90-41C4-84C0-F6743781EF46}
		{78CAACB8-B880-44EE-92CC-92F47443B2B0} = {F02AFC80-123A-41B1-A0CA-012CD974F3AC}
		{B01593BB-EF4D-4B14-BA59-92CE1B99E106} = {78CAACB8-B880-44EE-92CC-92F47443B2B0}
		{C1E5B7A4-7B97-4070-BCF8-014AD0A51A03} = {78CAACB8-B880-44EE-92CC-92F47443B2B0}
	EndGlobalSection
	GlobalSection(ProjectConfigurationPlatforms) = postSolution
		{B1555929-58A3-4176-B150-B9F644CC10AF}.Debug|Any CPU.ActiveCfg = Debug|Any CPU
		{B1555929-58A3-4176-B150-B9F644CC10AF}.Debug|Any CPU.Build.0 = Debug|Any CPU
		{B1555929-58A3-4176-B150-B9F644CC10AF}.Release|Any CPU.ActiveCfg = Release|Any CPU
		{B1555929-58A3-4176-B150-B9F644CC10AF}.Release|Any CPU.Build.0 = Release|Any CPU
		{6B6B6992-EF80-495E-935D-0575AE8D8367}.Debug|Any CPU.ActiveCfg = Debug|Any CPU
		{6B6B6992-EF80-495E-935D-0575AE8D8367}.Debug|Any CPU.Build.0 = Debug|Any CPU
		{6B6B6992-EF80-495E-935D-0575AE8D8367}.Release|Any CPU.ActiveCfg = Release|Any CPU
		{6B6B6992-EF80-495E-935D-0575AE8D8367}.Release|Any CPU.Build.0 = Release|Any CPU
		{0C37AAA5-1671-4546-BCA8-7C88F77EB555}.Debug|Any CPU.ActiveCfg = Debug|Any CPU
		{0C37AAA5-1671-4546-BCA8-7C88F77EB555}.Debug|Any CPU.Build.0 = Debug|Any CPU
		{0C37AAA5-1671-4546-BCA8-7C88F77EB555}.Release|Any CPU.ActiveCfg = Release|Any CPU
		{0C37AAA5-1671-4546-BCA8-7C88F77EB555}.Release|Any CPU.Build.0 = Release|Any CPU
		{BCC7F483-2D26-47B0-AD98-78D26E86CE10}.Debug|Any CPU.ActiveCfg = Debug|Any CPU
		{BCC7F483-2D26-47B0-AD98-78D26E86CE10}.Debug|Any CPU.Build.0 = Debug|Any CPU
		{BCC7F483-2D26-47B0-AD98-78D26E86CE10}.Release|Any CPU.ActiveCfg = Release|Any CPU
		{BCC7F483-2D26-47B0-AD98-78D26E86CE10}.Release|Any CPU.Build.0 = Release|Any CPU
		{58D8170E-5275-484D-A63F-5DCB58007D7C}.Debug|Any CPU.ActiveCfg = Debug|Any CPU
		{58D8170E-5275-484D-A63F-5DCB58007D7C}.Debug|Any CPU.Build.0 = Debug|Any CPU
		{58D8170E-5275-484D-A63F-5DCB58007D7C}.Release|Any CPU.ActiveCfg = Release|Any CPU
		{58D8170E-5275-484D-A63F-5DCB58007D7C}.Release|Any CPU.Build.0 = Release|Any CPU
		{D3114960-D7AF-4885-8DAA-322773D1D165}.Debug|Any CPU.ActiveCfg = Debug|Any CPU
		{D3114960-D7AF-4885-8DAA-322773D1D165}.Debug|Any CPU.Build.0 = Debug|Any CPU
		{D3114960-D7AF-4885-8DAA-322773D1D165}.Release|Any CPU.ActiveCfg = Release|Any CPU
		{D3114960-D7AF-4885-8DAA-322773D1D165}.Release|Any CPU.Build.0 = Release|Any CPU
		{88A5B5C1-12AF-419C-99FD-685BED042BB0}.Debug|Any CPU.ActiveCfg = Debug|Any CPU
		{88A5B5C1-12AF-419C-99FD-685BED042BB0}.Debug|Any CPU.Build.0 = Debug|Any CPU
		{88A5B5C1-12AF-419C-99FD-685BED042BB0}.Release|Any CPU.ActiveCfg = Release|Any CPU
		{88A5B5C1-12AF-419C-99FD-685BED042BB0}.Release|Any CPU.Build.0 = Release|Any CPU
		{65CC5C5C-F8C4-4187-A387-11570493CB2F}.Debug|Any CPU.ActiveCfg = Debug|Any CPU
		{65CC5C5C-F8C4-4187-A387-11570493CB2F}.Debug|Any CPU.Build.0 = Debug|Any CPU
		{65CC5C5C-F8C4-4187-A387-11570493CB2F}.Release|Any CPU.ActiveCfg = Release|Any CPU
		{65CC5C5C-F8C4-4187-A387-11570493CB2F}.Release|Any CPU.Build.0 = Release|Any CPU
		{B17B5A7B-3DA5-442C-9225-6D4F5F0CAFA2}.Debug|Any CPU.ActiveCfg = Debug|Any CPU
		{B17B5A7B-3DA5-442C-9225-6D4F5F0CAFA2}.Debug|Any CPU.Build.0 = Debug|Any CPU
		{B17B5A7B-3DA5-442C-9225-6D4F5F0CAFA2}.Release|Any CPU.ActiveCfg = Release|Any CPU
		{B17B5A7B-3DA5-442C-9225-6D4F5F0CAFA2}.Release|Any CPU.Build.0 = Release|Any CPU
		{5B117FA3-C1E8-4024-B5B5-730A332D51CE}.Debug|Any CPU.ActiveCfg = Debug|Any CPU
		{5B117FA3-C1E8-4024-B5B5-730A332D51CE}.Debug|Any CPU.Build.0 = Debug|Any CPU
		{5B117FA3-C1E8-4024-B5B5-730A332D51CE}.Release|Any CPU.ActiveCfg = Release|Any CPU
		{5B117FA3-C1E8-4024-B5B5-730A332D51CE}.Release|Any CPU.Build.0 = Release|Any CPU
		{4730F41D-FC07-42A0-8EBA-2560DBB39B3A}.Debug|Any CPU.ActiveCfg = Debug|Any CPU
		{4730F41D-FC07-42A0-8EBA-2560DBB39B3A}.Debug|Any CPU.Build.0 = Debug|Any CPU
		{4730F41D-FC07-42A0-8EBA-2560DBB39B3A}.Release|Any CPU.ActiveCfg = Release|Any CPU
		{4730F41D-FC07-42A0-8EBA-2560DBB39B3A}.Release|Any CPU.Build.0 = Release|Any CPU
		{BBA6A0B8-C12D-4FC5-A5CA-5ECF5C878BA3}.Debug|Any CPU.ActiveCfg = Debug|Any CPU
		{BBA6A0B8-C12D-4FC5-A5CA-5ECF5C878BA3}.Debug|Any CPU.Build.0 = Debug|Any CPU
		{BBA6A0B8-C12D-4FC5-A5CA-5ECF5C878BA3}.Release|Any CPU.ActiveCfg = Release|Any CPU
		{BBA6A0B8-C12D-4FC5-A5CA-5ECF5C878BA3}.Release|Any CPU.Build.0 = Release|Any CPU
		{B01593BB-EF4D-4B14-BA59-92CE1B99E106}.Debug|Any CPU.ActiveCfg = Debug|Any CPU
		{B01593BB-EF4D-4B14-BA59-92CE1B99E106}.Debug|Any CPU.Build.0 = Debug|Any CPU
		{B01593BB-EF4D-4B14-BA59-92CE1B99E106}.Release|Any CPU.ActiveCfg = Release|Any CPU
		{B01593BB-EF4D-4B14-BA59-92CE1B99E106}.Release|Any CPU.Build.0 = Release|Any CPU
		{C1E5B7A4-7B97-4070-BCF8-014AD0A51A03}.Debug|Any CPU.ActiveCfg = Debug|Any CPU
		{C1E5B7A4-7B97-4070-BCF8-014AD0A51A03}.Debug|Any CPU.Build.0 = Debug|Any CPU
		{C1E5B7A4-7B97-4070-BCF8-014AD0A51A03}.Release|Any CPU.ActiveCfg = Release|Any CPU
		{C1E5B7A4-7B97-4070-BCF8-014AD0A51A03}.Release|Any CPU.Build.0 = Release|Any CPU
	EndGlobalSection
EndGlobal
