
Microsoft Visual Studio Solution File, Format Version 12.00
Project("{2150E333-8FDC-42A3-9474-1A3956D46DE8}") = "Services", "Services", "{F004A23E-1456-4417-8F9B-9A63D5AE6497}"
EndProject
Project("{2150E333-8FDC-42A3-9474-1A3956D46DE8}") = "Shared", "Shared", "{83A7A439-921F-40DC-BA58-9469311388D6}"
EndProject
Project("{FAE04EC0-301F-11D3-BF4B-00C04F79EFBC}") = "Nest.Shared", "Shared\Nest.Shared\Nest.Shared.csproj", "{B1555929-58A3-4176-B150-B9F644CC10AF}"
EndProject
Project("{2150E333-8FDC-42A3-9474-1A3956D46DE8}") = "NestStorageService", "NestStorageService", "{C80255CF-5C3C-4FCF-BEBE-891894F2AD6A}"
EndProject
Project("{2150E333-8FDC-42A3-9474-1A3956D46DE8}") = "src", "src", "{ED6910A5-BD9A-4A92-9829-6D705CA2F67E}"
EndProject
Project("{2150E333-8FDC-42A3-9474-1A3956D46DE8}") = "NestNotificationService", "NestNotificationService", "{E3BD194B-F19B-49F8-8473-0AB94231CCA0}"
EndProject
Project("{2150E333-8FDC-42A3-9474-1A3956D46DE8}") = "NestAuthService", "NestAuthService", "{4F40A430-6CC9-49CF-BFB3-83DAE4A565CA}"
EndProject
Project("{2150E333-8FDC-42A3-9474-1A3956D46DE8}") = "NestAPIGateway", "NestAPIGateway", "{3C060E3D-0857-49EC-80A2-2BE18D460845}"
EndProject
Project("{2150E333-8FDC-42A3-9474-1A3956D46DE8}") = "src", "src", "{D8A3125E-E3F6-4A5A-913E-CDE1B9D88622}"
EndProject
Project("{2150E333-8FDC-42A3-9474-1A3956D46DE8}") = "src", "src", "{2AFC8995-F0A4-4FF2-B903-6857E2834ADD}"
EndProject
Project("{2150E333-8FDC-42A3-9474-1A3956D46DE8}") = "src", "src", "{A609201E-2F47-4433-A81B-1279A88CB505}"
EndProject
Project("{FAE04EC0-301F-11D3-BF4B-00C04F79EFBC}") = "NestAPIGateway", "Services\NestAPIGateway\src\NestAPIGateway\NestAPIGateway.csproj", "{6B6B6992-EF80-495E-935D-0575AE8D8367}"
EndProject
Project("{FAE04EC0-301F-11D3-BF4B-00C04F79EFBC}") = "NestAuth.API", "Services\NestAuthService\src\NestAuth.API\NestAuth.API.csproj", "{0C37AAA5-1671-4546-BCA8-7C88F77EB555}"
EndProject
Project("{FAE04EC0-301F-11D3-BF4B-00C04F79EFBC}") = "NestNotification.API", "Services\NestNotificationService\src\NestNotification.API\NestNotification.API.csproj", "{BCC7F483-2D26-47B0-AD98-78D26E86CE10}"
EndProject
Project("{FAE04EC0-301F-11D3-BF4B-00C04F79EFBC}") = "NestStorage.API", "Services\NestStorageService\src\NestStorage.API\NestStorage.API.csproj", "{B17B5A7B-3DA5-442C-9225-6D4F5F0CAFA2}"
EndProject
Project("{2150E333-8FDC-42A3-9474-1A3956D46DE8}") = "BuildingBlocks", "BuildingBlocks", "{F02AFC80-123A-41B1-A0CA-012CD974F3AC}"
EndProject
Project("{2150E333-8FDC-42A3-9474-1A3956D46DE8}") = "EventBus", "EventBus", "{78CAACB8-B880-44EE-92CC-92F47443B2B0}"
EndProject
Project("{FAE04EC0-301F-11D3-BF4B-00C04F79EFBC}") = "EventBus.Abstractions", "BuildingBlocks\EventBus\EventBus.Abstractions\EventBus.Abstractions.csproj", "{B01593BB-EF4D-4B14-BA59-92CE1B99E106}"
EndProject
Project("{FAE04EC0-301F-11D3-BF4B-00C04F79EFBC}") = "EventBus.RabbitMq", "BuildingBlocks\EventBus\EventBus.RabbitMq\EventBus.RabbitMq.csproj", "{C1E5B7A4-7B97-4070-BCF8-014AD0A51A03}"
EndProject
Project("{2150E333-8FDC-42A3-9474-1A3956D46DE8}") = "DockerFiles", "DockerFiles", "{66217A3B-F4B8-4B4A-AC5E-BCAF4B7D2BCD}"
	ProjectSection(SolutionItems) = preProject
		DockerFiles\AuthService.Dockerfile = DockerFiles\AuthService.Dockerfile
		DockerFiles\NotificationService.Dockerfile = DockerFiles\NotificationService.Dockerfile
		DockerFiles\StorageService.Dockerfile = DockerFiles\StorageService.Dockerfile
	EndProjectSection
EndProject
Project("{2150E333-8FDC-42A3-9474-1A3956D46DE8}") = "Consul", "Consul", "{2CA3E659-8C4E-42A3-844D-94C9484589D1}"
	ProjectSection(SolutionItems) = preProject
		DockerFiles\Consul\docker-compose.yml = DockerFiles\Consul\docker-compose.yml
	EndProjectSection
EndProject
Project("{2150E333-8FDC-42A3-9474-1A3956D46DE8}") = "RabbitMQ", "RabbitMQ", "{D63475CE-4746-430D-8D77-7912A7171B28}"
	ProjectSection(SolutionItems) = preProject
		DockerFiles\RabbitMQ\docker-compose.yml = DockerFiles\RabbitMQ\docker-compose.yml
	EndProjectSection
EndProject
Project("{2150E333-8FDC-42A3-9474-1A3956D46DE8}") = "Redis", "Redis", "{27828C6B-30AE-4215-8055-626AB29E0B03}"
	ProjectSection(SolutionItems) = preProject
		DockerFiles\Redis\docker-compose.yml = DockerFiles\Redis\docker-compose.yml
	EndProjectSection
EndProject
Global
	GlobalSection(SolutionConfigurationPlatforms) = preSolution
		Debug|Any CPU = Debug|Any CPU
		Release|Any CPU = Release|Any CPU
	EndGlobalSection
	GlobalSection(NestedProjects) = preSolution
		{B1555929-58A3-4176-B150-B9F644CC10AF} = {83A7A439-921F-40DC-BA58-9469311388D6}
		{C80255CF-5C3C-4FCF-BEBE-891894F2AD6A} = {F004A23E-1456-4417-8F9B-9A63D5AE6497}
		{ED6910A5-BD9A-4A92-9829-6D705CA2F67E} = {C80255CF-5C3C-4FCF-BEBE-891894F2AD6A}
		{E3BD194B-F19B-49F8-8473-0AB94231CCA0} = {F004A23E-1456-4417-8F9B-9A63D5AE6497}
		{4F40A430-6CC9-49CF-BFB3-83DAE4A565CA} = {F004A23E-1456-4417-8F9B-9A63D5AE6497}
		{3C060E3D-0857-49EC-80A2-2BE18D460845} = {F004A23E-1456-4417-8F9B-9A63D5AE6497}
		{D8A3125E-E3F6-4A5A-913E-CDE1B9D88622} = {3C060E3D-0857-49EC-80A2-2BE18D460845}
		{2AFC8995-F0A4-4FF2-B903-6857E2834ADD} = {4F40A430-6CC9-49CF-BFB3-83DAE4A565CA}
		{A609201E-2F47-4433-A81B-1279A88CB505} = {E3BD194B-F19B-49F8-8473-0AB94231CCA0}
		{6B6B6992-EF80-495E-935D-0575AE8D8367} = {D8A3125E-E3F6-4A5A-913E-CDE1B9D88622}
		{0C37AAA5-1671-4546-BCA8-7C88F77EB555} = {2AFC8995-F0A4-4FF2-B903-6857E2834ADD}
		{BCC7F483-2D26-47B0-AD98-78D26E86CE10} = {A609201E-2F47-4433-A81B-1279A88CB505}
		{B17B5A7B-3DA5-442C-9225-6D4F5F0CAFA2} = {ED6910A5-BD9A-4A92-9829-6D705CA2F67E}
		{78CAACB8-B880-44EE-92CC-92F47443B2B0} = {F02AFC80-123A-41B1-A0CA-012CD974F3AC}
		{B01593BB-EF4D-4B14-BA59-92CE1B99E106} = {78CAACB8-B880-44EE-92CC-92F47443B2B0}
		{C1E5B7A4-7B97-4070-BCF8-014AD0A51A03} = {78CAACB8-B880-44EE-92CC-92F47443B2B0}
		{2CA3E659-8C4E-42A3-844D-94C9484589D1} = {66217A3B-F4B8-4B4A-AC5E-BCAF4B7D2BCD}
		{D63475CE-4746-430D-8D77-7912A7171B28} = {66217A3B-F4B8-4B4A-AC5E-BCAF4B7D2BCD}
		{27828C6B-30AE-4215-8055-626AB29E0B03} = {66217A3B-F4B8-4B4A-AC5E-BCAF4B7D2BCD}
	EndGlobalSection
	GlobalSection(ProjectConfigurationPlatforms) = postSolution
		{B1555929-58A3-4176-B150-B9F644CC10AF}.Debug|Any CPU.ActiveCfg = Debug|Any CPU
		{B1555929-58A3-4176-B150-B9F644CC10AF}.Debug|Any CPU.Build.0 = Debug|Any CPU
		{B1555929-58A3-4176-B150-B9F644CC10AF}.Release|Any CPU.ActiveCfg = Release|Any CPU
		{B1555929-58A3-4176-B150-B9F644CC10AF}.Release|Any CPU.Build.0 = Release|Any CPU
		{6B6B6992-EF80-495E-935D-0575AE8D8367}.Debug|Any CPU.ActiveCfg = Debug|Any CPU
		{6B6B6992-EF80-495E-935D-0575AE8D8367}.Debug|Any CPU.Build.0 = Debug|Any CPU
		{6B6B6992-EF80-495E-935D-0575AE8D8367}.Release|Any CPU.ActiveCfg = Release|Any CPU
		{6B6B6992-EF80-495E-935D-0575AE8D8367}.Release|Any CPU.Build.0 = Release|Any CPU
		{0C37AAA5-1671-4546-BCA8-7C88F77EB555}.Debug|Any CPU.ActiveCfg = Debug|Any CPU
		{0C37AAA5-1671-4546-BCA8-7C88F77EB555}.Debug|Any CPU.Build.0 = Debug|Any CPU
		{0C37AAA5-1671-4546-BCA8-7C88F77EB555}.Release|Any CPU.ActiveCfg = Release|Any CPU
		{0C37AAA5-1671-4546-BCA8-7C88F77EB555}.Release|Any CPU.Build.0 = Release|Any CPU
		{BCC7F483-2D26-47B0-AD98-78D26E86CE10}.Debug|Any CPU.ActiveCfg = Debug|Any CPU
		{BCC7F483-2D26-47B0-AD98-78D26E86CE10}.Debug|Any CPU.Build.0 = Debug|Any CPU
		{BCC7F483-2D26-47B0-AD98-78D26E86CE10}.Release|Any CPU.ActiveCfg = Release|Any CPU
		{BCC7F483-2D26-47B0-AD98-78D26E86CE10}.Release|Any CPU.Build.0 = Release|Any CPU
		{B17B5A7B-3DA5-442C-9225-6D4F5F0CAFA2}.Debug|Any CPU.ActiveCfg = Debug|Any CPU
		{B17B5A7B-3DA5-442C-9225-6D4F5F0CAFA2}.Debug|Any CPU.Build.0 = Debug|Any CPU
		{B17B5A7B-3DA5-442C-9225-6D4F5F0CAFA2}.Release|Any CPU.ActiveCfg = Release|Any CPU
		{B17B5A7B-3DA5-442C-9225-6D4F5F0CAFA2}.Release|Any CPU.Build.0 = Release|Any CPU
		{B01593BB-EF4D-4B14-BA59-92CE1B99E106}.Debug|Any CPU.ActiveCfg = Debug|Any CPU
		{B01593BB-EF4D-4B14-BA59-92CE1B99E106}.Debug|Any CPU.Build.0 = Debug|Any CPU
		{B01593BB-EF4D-4B14-BA59-92CE1B99E106}.Release|Any CPU.ActiveCfg = Release|Any CPU
		{B01593BB-EF4D-4B14-BA59-92CE1B99E106}.Release|Any CPU.Build.0 = Release|Any CPU
		{C1E5B7A4-7B97-4070-BCF8-014AD0A51A03}.Debug|Any CPU.ActiveCfg = Debug|Any CPU
		{C1E5B7A4-7B97-4070-BCF8-014AD0A51A03}.Debug|Any CPU.Build.0 = Debug|Any CPU
		{C1E5B7A4-7B97-4070-BCF8-014AD0A51A03}.Release|Any CPU.ActiveCfg = Release|Any CPU
		{C1E5B7A4-7B97-4070-BCF8-014AD0A51A03}.Release|Any CPU.Build.0 = Release|Any CPU
	EndGlobalSection
EndGlobal
